
Microsoft Visual Studio Solution File, Format Version 12.00
# Visual Studio Version 17
VisualStudioVersion = 17.7.34024.191
MinimumVisualStudioVersion = 10.0.40219.1
Project("{FAE04EC0-301F-11D3-BF4B-00C04F79EFBC}") = "sitoEratostenesa", "sitoEratostenesa\sitoEratostenesa.csproj", "{71023DF0-73F5-405C-A348-1181AE873212}"
EndProject
Global
	GlobalSection(SolutionConfigurationPlatforms) = preSolution
		Debug|Any CPU = Debug|Any CPU
		Release|Any CPU = Release|Any CPU
	EndGlobalSection
	GlobalSection(ProjectConfigurationPlatforms) = postSolution
		{71023DF0-73F5-405C-A348-1181AE873212}.Debug|Any CPU.ActiveCfg = Debug|Any CPU
		{71023DF0-73F5-405C-A348-1181AE873212}.Debug|Any CPU.Build.0 = Debug|Any CPU
		{71023DF0-73F5-405C-A348-1181AE873212}.Release|Any CPU.ActiveCfg = Release|Any CPU
		{71023DF0-73F5-405C-A348-1181AE873212}.Release|Any CPU.Build.0 = Release|Any CPU
	EndGlobalSection
	GlobalSection(SolutionProperties) = preSolution
		HideSolutionNode = FALSE
	EndGlobalSection
	GlobalSection(ExtensibilityGlobals) = postSolution
		SolutionGuid = {C4B0374D-7BB3-4D98-A6DC-71F89EE09386}
	EndGlobalSection
EndGlobal
