
Microsoft Visual Studio Solution File, Format Version 12.00
# Visual Studio Version 17
VisualStudioVersion = 17.2.32602.215
MinimumVisualStudioVersion = 10.0.40219.1
Project("{FAE04EC0-301F-11D3-BF4B-00C04F79EFBC}") = "DBApp.Android", "DBApp\DBApp.Android\DBApp.Android.csproj", "{31B91408-161D-4F8B-AD2C-1E5B581055C9}"
EndProject
Project("{FAE04EC0-301F-11D3-BF4B-00C04F79EFBC}") = "DBApp.iOS", "DBApp\DBApp.iOS\DBApp.iOS.csproj", "{E8038F12-CA8B-4E26-AC5F-2FD5BD25E6B3}"
EndProject
Project("{FAE04EC0-301F-11D3-BF4B-00C04F79EFBC}") = "DBApp", "DBApp\DBApp\DBApp.csproj", "{42DF2550-B1CA-4527-A04B-693B8909BC03}"
EndProject
Global
	GlobalSection(SolutionConfigurationPlatforms) = preSolution
		Debug|Any CPU = Debug|Any CPU
		Debug|iPhone = Debug|iPhone
		Debug|iPhoneSimulator = Debug|iPhoneSimulator
		Release|Any CPU = Release|Any CPU
		Release|iPhone = Release|iPhone
		Release|iPhoneSimulator = Release|iPhoneSimulator
	EndGlobalSection
	GlobalSection(ProjectConfigurationPlatforms) = postSolution
		{31B91408-161D-4F8B-AD2C-1E5B581055C9}.Debug|Any CPU.ActiveCfg = Debug|Any CPU
		{31B91408-161D-4F8B-AD2C-1E5B581055C9}.Debug|Any CPU.Build.0 = Debug|Any CPU
		{31B91408-161D-4F8B-AD2C-1E5B581055C9}.Debug|Any CPU.Deploy.0 = Debug|Any CPU
		{31B91408-161D-4F8B-AD2C-1E5B581055C9}.Debug|iPhone.ActiveCfg = Debug|Any CPU
		{31B91408-161D-4F8B-AD2C-1E5B581055C9}.Debug|iPhone.Build.0 = Debug|Any CPU
		{31B91408-161D-4F8B-AD2C-1E5B581055C9}.Debug|iPhone.Deploy.0 = Debug|Any CPU
		{31B91408-161D-4F8B-AD2C-1E5B581055C9}.Debug|iPhoneSimulator.ActiveCfg = Debug|Any CPU
		{31B91408-161D-4F8B-AD2C-1E5B581055C9}.Debug|iPhoneSimulator.Build.0 = Debug|Any CPU
		{31B91408-161D-4F8B-AD2C-1E5B581055C9}.Debug|iPhoneSimulator.Deploy.0 = Debug|Any CPU
		{31B91408-161D-4F8B-AD2C-1E5B581055C9}.Release|Any CPU.ActiveCfg = Release|Any CPU
		{31B91408-161D-4F8B-AD2C-1E5B581055C9}.Release|Any CPU.Build.0 = Release|Any CPU
		{31B91408-161D-4F8B-AD2C-1E5B581055C9}.Release|Any CPU.Deploy.0 = Release|Any CPU
		{31B91408-161D-4F8B-AD2C-1E5B581055C9}.Release|iPhone.ActiveCfg = Release|Any CPU
		{31B91408-161D-4F8B-AD2C-1E5B581055C9}.Release|iPhone.Build.0 = Release|Any CPU
		{31B91408-161D-4F8B-AD2C-1E5B581055C9}.Release|iPhone.Deploy.0 = Release|Any CPU
		{31B91408-161D-4F8B-AD2C-1E5B581055C9}.Release|iPhoneSimulator.ActiveCfg = Release|Any CPU
		{31B91408-161D-4F8B-AD2C-1E5B581055C9}.Release|iPhoneSimulator.Build.0 = Release|Any CPU
		{31B91408-161D-4F8B-AD2C-1E5B581055C9}.Release|iPhoneSimulator.Deploy.0 = Release|Any CPU
		{E8038F12-CA8B-4E26-AC5F-2FD5BD25E6B3}.Debug|Any CPU.ActiveCfg = Debug|iPhone
		{E8038F12-CA8B-4E26-AC5F-2FD5BD25E6B3}.Debug|Any CPU.Build.0 = Debug|iPhone
		{E8038F12-CA8B-4E26-AC5F-2FD5BD25E6B3}.Debug|Any CPU.Deploy.0 = Debug|iPhone
		{E8038F12-CA8B-4E26-AC5F-2FD5BD25E6B3}.Debug|iPhone.ActiveCfg = Debug|iPhone
		{E8038F12-CA8B-4E26-AC5F-2FD5BD25E6B3}.Debug|iPhone.Build.0 = Debug|iPhone
		{E8038F12-CA8B-4E26-AC5F-2FD5BD25E6B3}.Debug|iPhone.Deploy.0 = Debug|iPhone
		{E8038F12-CA8B-4E26-AC5F-2FD5BD25E6B3}.Debug|iPhoneSimulator.ActiveCfg = Debug|iPhoneSimulator
		{E8038F12-CA8B-4E26-AC5F-2FD5BD25E6B3}.Debug|iPhoneSimulator.Build.0 = Debug|iPhoneSimulator
		{E8038F12-CA8B-4E26-AC5F-2FD5BD25E6B3}.Debug|iPhoneSimulator.Deploy.0 = Debug|iPhoneSimulator
		{E8038F12-CA8B-4E26-AC5F-2FD5BD25E6B3}.Release|Any CPU.ActiveCfg = Release|iPhoneSimulator
		{E8038F12-CA8B-4E26-AC5F-2FD5BD25E6B3}.Release|Any CPU.Build.0 = Release|iPhoneSimulator
		{E8038F12-CA8B-4E26-AC5F-2FD5BD25E6B3}.Release|Any CPU.Deploy.0 = Release|iPhoneSimulator
		{E8038F12-CA8B-4E26-AC5F-2FD5BD25E6B3}.Release|iPhone.ActiveCfg = Release|iPhone
		{E8038F12-CA8B-4E26-AC5F-2FD5BD25E6B3}.Release|iPhone.Build.0 = Release|iPhone
		{E8038F12-CA8B-4E26-AC5F-2FD5BD25E6B3}.Release|iPhone.Deploy.0 = Release|iPhone
		{E8038F12-CA8B-4E26-AC5F-2FD5BD25E6B3}.Release|iPhoneSimulator.ActiveCfg = Release|iPhoneSimulator
		{E8038F12-CA8B-4E26-AC5F-2FD5BD25E6B3}.Release|iPhoneSimulator.Build.0 = Release|iPhoneSimulator
		{E8038F12-CA8B-4E26-AC5F-2FD5BD25E6B3}.Release|iPhoneSimulator.Deploy.0 = Release|iPhoneSimulator
		{42DF2550-B1CA-4527-A04B-693B8909BC03}.Debug|Any CPU.ActiveCfg = Debug|Any CPU
		{42DF2550-B1CA-4527-A04B-693B8909BC03}.Debug|Any CPU.Build.0 = Debug|Any CPU
		{42DF2550-B1CA-4527-A04B-693B8909BC03}.Debug|Any CPU.Deploy.0 = Debug|Any CPU
		{42DF2550-B1CA-4527-A04B-693B8909BC03}.Debug|iPhone.ActiveCfg = Debug|Any CPU
		{42DF2550-B1CA-4527-A04B-693B8909BC03}.Debug|iPhone.Build.0 = Debug|Any CPU
		{42DF2550-B1CA-4527-A04B-693B8909BC03}.Debug|iPhone.Deploy.0 = Debug|Any CPU
		{42DF2550-B1CA-4527-A04B-693B8909BC03}.Debug|iPhoneSimulator.ActiveCfg = Debug|Any CPU
		{42DF2550-B1CA-4527-A04B-693B8909BC03}.Debug|iPhoneSimulator.Build.0 = Debug|Any CPU
		{42DF2550-B1CA-4527-A04B-693B8909BC03}.Debug|iPhoneSimulator.Deploy.0 = Debug|Any CPU
		{42DF2550-B1CA-4527-A04B-693B8909BC03}.Release|Any CPU.ActiveCfg = Release|Any CPU
		{42DF2550-B1CA-4527-A04B-693B8909BC03}.Release|Any CPU.Build.0 = Release|Any CPU
		{42DF2550-B1CA-4527-A04B-693B8909BC03}.Release|Any CPU.Deploy.0 = Release|Any CPU
		{42DF2550-B1CA-4527-A04B-693B8909BC03}.Release|iPhone.ActiveCfg = Release|Any CPU
		{42DF2550-B1CA-4527-A04B-693B8909BC03}.Release|iPhone.Build.0 = Release|Any CPU
		{42DF2550-B1CA-4527-A04B-693B8909BC03}.Release|iPhone.Deploy.0 = Release|Any CPU
		{42DF2550-B1CA-4527-A04B-693B8909BC03}.Release|iPhoneSimulator.ActiveCfg = Release|Any CPU
		{42DF2550-B1CA-4527-A04B-693B8909BC03}.Release|iPhoneSimulator.Build.0 = Release|Any CPU
		{42DF2550-B1CA-4527-A04B-693B8909BC03}.Release|iPhoneSimulator.Deploy.0 = Release|Any CPU
	EndGlobalSection
	GlobalSection(SolutionProperties) = preSolution
		HideSolutionNode = FALSE
	EndGlobalSection
	GlobalSection(ExtensibilityGlobals) = postSolution
		SolutionGuid = {1C54DF22-A5BC-4959-B6B3-5BEAC0C31EFF}
	EndGlobalSection
EndGlobal
