
Microsoft Visual Studio Solution File, Format Version 12.00
# Visual Studio Version 17
VisualStudioVersion = 17.7.34024.191
MinimumVisualStudioVersion = 10.0.40219.1
Project("{FAE04EC0-301F-11D3-BF4B-00C04F79EFBC}") = "podzbiorySpojne", "podzbiorySpojne\podzbiorySpojne.csproj", "{2FABB253-BA4D-4796-A709-51A7C6797A05}"
EndProject
Global
	GlobalSection(SolutionConfigurationPlatforms) = preSolution
		Debug|Any CPU = Debug|Any CPU
		Release|Any CPU = Release|Any CPU
	EndGlobalSection
	GlobalSection(ProjectConfigurationPlatforms) = postSolution
		{2FABB253-BA4D-4796-A709-51A7C6797A05}.Debug|Any CPU.ActiveCfg = Debug|Any CPU
		{2FABB253-BA4D-4796-A709-51A7C6797A05}.Debug|Any CPU.Build.0 = Debug|Any CPU
		{2FABB253-BA4D-4796-A709-51A7C6797A05}.Release|Any CPU.ActiveCfg = Release|Any CPU
		{2FABB253-BA4D-4796-A709-51A7C6797A05}.Release|Any CPU.Build.0 = Release|Any CPU
	EndGlobalSection
	GlobalSection(SolutionProperties) = preSolution
		HideSolutionNode = FALSE
	EndGlobalSection
	GlobalSection(ExtensibilityGlobals) = postSolution
		SolutionGuid = {1CB1C0FD-BDC2-4936-987C-C9A9782E02A5}
	EndGlobalSection
EndGlobal
