
Microsoft Visual Studio Solution File, Format Version 12.00
# Visual Studio Version 17
VisualStudioVersion = 17.4.33213.308
MinimumVisualStudioVersion = 10.0.40219.1
Project("{FAE04EC0-301F-11D3-BF4B-00C04F79EFBC}") = "pagesApp.Android", "pagesApp\pagesApp.Android\pagesApp.Android.csproj", "{AFACB5FA-1A8E-496D-AB7E-69C8EBE852C4}"
EndProject
Project("{FAE04EC0-301F-11D3-BF4B-00C04F79EFBC}") = "pagesApp.iOS", "pagesApp\pagesApp.iOS\pagesApp.iOS.csproj", "{960A50C4-C443-467F-8152-CAF8F7E65223}"
EndProject
Project("{FAE04EC0-301F-11D3-BF4B-00C04F79EFBC}") = "pagesApp", "pagesApp\pagesApp\pagesApp.csproj", "{96271932-867E-48CC-8E90-A3E526CDF7BC}"
EndProject
Global
	GlobalSection(SolutionConfigurationPlatforms) = preSolution
		Debug|Any CPU = Debug|Any CPU
		Debug|iPhone = Debug|iPhone
		Debug|iPhoneSimulator = Debug|iPhoneSimulator
		Release|Any CPU = Release|Any CPU
		Release|iPhone = Release|iPhone
		Release|iPhoneSimulator = Release|iPhoneSimulator
	EndGlobalSection
	GlobalSection(ProjectConfigurationPlatforms) = postSolution
		{AFACB5FA-1A8E-496D-AB7E-69C8EBE852C4}.Debug|Any CPU.ActiveCfg = Debug|Any CPU
		{AFACB5FA-1A8E-496D-AB7E-69C8EBE852C4}.Debug|Any CPU.Build.0 = Debug|Any CPU
		{AFACB5FA-1A8E-496D-AB7E-69C8EBE852C4}.Debug|Any CPU.Deploy.0 = Debug|Any CPU
		{AFACB5FA-1A8E-496D-AB7E-69C8EBE852C4}.Debug|iPhone.ActiveCfg = Debug|Any CPU
		{AFACB5FA-1A8E-496D-AB7E-69C8EBE852C4}.Debug|iPhone.Build.0 = Debug|Any CPU
		{AFACB5FA-1A8E-496D-AB7E-69C8EBE852C4}.Debug|iPhone.Deploy.0 = Debug|Any CPU
		{AFACB5FA-1A8E-496D-AB7E-69C8EBE852C4}.Debug|iPhoneSimulator.ActiveCfg = Debug|Any CPU
		{AFACB5FA-1A8E-496D-AB7E-69C8EBE852C4}.Debug|iPhoneSimulator.Build.0 = Debug|Any CPU
		{AFACB5FA-1A8E-496D-AB7E-69C8EBE852C4}.Debug|iPhoneSimulator.Deploy.0 = Debug|Any CPU
		{AFACB5FA-1A8E-496D-AB7E-69C8EBE852C4}.Release|Any CPU.ActiveCfg = Release|Any CPU
		{AFACB5FA-1A8E-496D-AB7E-69C8EBE852C4}.Release|Any CPU.Build.0 = Release|Any CPU
		{AFACB5FA-1A8E-496D-AB7E-69C8EBE852C4}.Release|Any CPU.Deploy.0 = Release|Any CPU
		{AFACB5FA-1A8E-496D-AB7E-69C8EBE852C4}.Release|iPhone.ActiveCfg = Release|Any CPU
		{AFACB5FA-1A8E-496D-AB7E-69C8EBE852C4}.Release|iPhone.Build.0 = Release|Any CPU
		{AFACB5FA-1A8E-496D-AB7E-69C8EBE852C4}.Release|iPhone.Deploy.0 = Release|Any CPU
		{AFACB5FA-1A8E-496D-AB7E-69C8EBE852C4}.Release|iPhoneSimulator.ActiveCfg = Release|Any CPU
		{AFACB5FA-1A8E-496D-AB7E-69C8EBE852C4}.Release|iPhoneSimulator.Build.0 = Release|Any CPU
		{AFACB5FA-1A8E-496D-AB7E-69C8EBE852C4}.Release|iPhoneSimulator.Deploy.0 = Release|Any CPU
		{960A50C4-C443-467F-8152-CAF8F7E65223}.Debug|Any CPU.ActiveCfg = Debug|iPhone
		{960A50C4-C443-467F-8152-CAF8F7E65223}.Debug|Any CPU.Build.0 = Debug|iPhone
		{960A50C4-C443-467F-8152-CAF8F7E65223}.Debug|Any CPU.Deploy.0 = Debug|iPhone
		{960A50C4-C443-467F-8152-CAF8F7E65223}.Debug|iPhone.ActiveCfg = Debug|iPhone
		{960A50C4-C443-467F-8152-CAF8F7E65223}.Debug|iPhone.Build.0 = Debug|iPhone
		{960A50C4-C443-467F-8152-CAF8F7E65223}.Debug|iPhone.Deploy.0 = Debug|iPhone
		{960A50C4-C443-467F-8152-CAF8F7E65223}.Debug|iPhoneSimulator.ActiveCfg = Debug|iPhoneSimulator
		{960A50C4-C443-467F-8152-CAF8F7E65223}.Debug|iPhoneSimulator.Build.0 = Debug|iPhoneSimulator
		{960A50C4-C443-467F-8152-CAF8F7E65223}.Debug|iPhoneSimulator.Deploy.0 = Debug|iPhoneSimulator
		{960A50C4-C443-467F-8152-CAF8F7E65223}.Release|Any CPU.ActiveCfg = Release|iPhoneSimulator
		{960A50C4-C443-467F-8152-CAF8F7E65223}.Release|Any CPU.Build.0 = Release|iPhoneSimulator
		{960A50C4-C443-467F-8152-CAF8F7E65223}.Release|Any CPU.Deploy.0 = Release|iPhoneSimulator
		{960A50C4-C443-467F-8152-CAF8F7E65223}.Release|iPhone.ActiveCfg = Release|iPhone
		{960A50C4-C443-467F-8152-CAF8F7E65223}.Release|iPhone.Build.0 = Release|iPhone
		{960A50C4-C443-467F-8152-CAF8F7E65223}.Release|iPhone.Deploy.0 = Release|iPhone
		{960A50C4-C443-467F-8152-CAF8F7E65223}.Release|iPhoneSimulator.ActiveCfg = Release|iPhoneSimulator
		{960A50C4-C443-467F-8152-CAF8F7E65223}.Release|iPhoneSimulator.Build.0 = Release|iPhoneSimulator
		{960A50C4-C443-467F-8152-CAF8F7E65223}.Release|iPhoneSimulator.Deploy.0 = Release|iPhoneSimulator
		{96271932-867E-48CC-8E90-A3E526CDF7BC}.Debug|Any CPU.ActiveCfg = Debug|Any CPU
		{96271932-867E-48CC-8E90-A3E526CDF7BC}.Debug|Any CPU.Build.0 = Debug|Any CPU
		{96271932-867E-48CC-8E90-A3E526CDF7BC}.Debug|Any CPU.Deploy.0 = Debug|Any CPU
		{96271932-867E-48CC-8E90-A3E526CDF7BC}.Debug|iPhone.ActiveCfg = Debug|Any CPU
		{96271932-867E-48CC-8E90-A3E526CDF7BC}.Debug|iPhone.Build.0 = Debug|Any CPU
		{96271932-867E-48CC-8E90-A3E526CDF7BC}.Debug|iPhone.Deploy.0 = Debug|Any CPU
		{96271932-867E-48CC-8E90-A3E526CDF7BC}.Debug|iPhoneSimulator.ActiveCfg = Debug|Any CPU
		{96271932-867E-48CC-8E90-A3E526CDF7BC}.Debug|iPhoneSimulator.Build.0 = Debug|Any CPU
		{96271932-867E-48CC-8E90-A3E526CDF7BC}.Debug|iPhoneSimulator.Deploy.0 = Debug|Any CPU
		{96271932-867E-48CC-8E90-A3E526CDF7BC}.Release|Any CPU.ActiveCfg = Release|Any CPU
		{96271932-867E-48CC-8E90-A3E526CDF7BC}.Release|Any CPU.Build.0 = Release|Any CPU
		{96271932-867E-48CC-8E90-A3E526CDF7BC}.Release|Any CPU.Deploy.0 = Release|Any CPU
		{96271932-867E-48CC-8E90-A3E526CDF7BC}.Release|iPhone.ActiveCfg = Release|Any CPU
		{96271932-867E-48CC-8E90-A3E526CDF7BC}.Release|iPhone.Build.0 = Release|Any CPU
		{96271932-867E-48CC-8E90-A3E526CDF7BC}.Release|iPhone.Deploy.0 = Release|Any CPU
		{96271932-867E-48CC-8E90-A3E526CDF7BC}.Release|iPhoneSimulator.ActiveCfg = Release|Any CPU
		{96271932-867E-48CC-8E90-A3E526CDF7BC}.Release|iPhoneSimulator.Build.0 = Release|Any CPU
		{96271932-867E-48CC-8E90-A3E526CDF7BC}.Release|iPhoneSimulator.Deploy.0 = Release|Any CPU
	EndGlobalSection
	GlobalSection(SolutionProperties) = preSolution
		HideSolutionNode = FALSE
	EndGlobalSection
	GlobalSection(ExtensibilityGlobals) = postSolution
		SolutionGuid = {DAC8E6FB-C136-49F3-97A5-4D95EB178789}
	EndGlobalSection
EndGlobal
