
Microsoft Visual Studio Solution File, Format Version 12.00
# Visual Studio Version 17
VisualStudioVersion = 17.2.32526.322
MinimumVisualStudioVersion = 10.0.40219.1
Project("{FAE04EC0-301F-11D3-BF4B-00C04F79EFBC}") = "peselSpr", "peselSpr\peselSpr.csproj", "{7D7F2D6A-E1DA-4DA8-9863-214462E40E13}"
EndProject
Global
	GlobalSection(SolutionConfigurationPlatforms) = preSolution
		Debug|Any CPU = Debug|Any CPU
		Release|Any CPU = Release|Any CPU
	EndGlobalSection
	GlobalSection(ProjectConfigurationPlatforms) = postSolution
		{7D7F2D6A-E1DA-4DA8-9863-214462E40E13}.Debug|Any CPU.ActiveCfg = Debug|Any CPU
		{7D7F2D6A-E1DA-4DA8-9863-214462E40E13}.Debug|Any CPU.Build.0 = Debug|Any CPU
		{7D7F2D6A-E1DA-4DA8-9863-214462E40E13}.Release|Any CPU.ActiveCfg = Release|Any CPU
		{7D7F2D6A-E1DA-4DA8-9863-214462E40E13}.Release|Any CPU.Build.0 = Release|Any CPU
	EndGlobalSection
	GlobalSection(SolutionProperties) = preSolution
		HideSolutionNode = FALSE
	EndGlobalSection
	GlobalSection(ExtensibilityGlobals) = postSolution
		SolutionGuid = {6EC5D4F9-19EB-471D-A883-DD14AD3DB3E2}
	EndGlobalSection
EndGlobal
