
Microsoft Visual Studio Solution File, Format Version 12.00
# Visual Studio Version 17
VisualStudioVersion = 17.7.34024.191
MinimumVisualStudioVersion = 10.0.40219.1
Project("{FAE04EC0-301F-11D3-BF4B-00C04F79EFBC}") = "szukanieLinioweOrazBinarne", "szukanieLinioweOrazBinarne\szukanieLinioweOrazBinarne.csproj", "{D092138E-8F18-4E99-8283-E3F19C76D758}"
EndProject
Global
	GlobalSection(SolutionConfigurationPlatforms) = preSolution
		Debug|Any CPU = Debug|Any CPU
		Release|Any CPU = Release|Any CPU
	EndGlobalSection
	GlobalSection(ProjectConfigurationPlatforms) = postSolution
		{D092138E-8F18-4E99-8283-E3F19C76D758}.Debug|Any CPU.ActiveCfg = Debug|Any CPU
		{D092138E-8F18-4E99-8283-E3F19C76D758}.Debug|Any CPU.Build.0 = Debug|Any CPU
		{D092138E-8F18-4E99-8283-E3F19C76D758}.Release|Any CPU.ActiveCfg = Release|Any CPU
		{D092138E-8F18-4E99-8283-E3F19C76D758}.Release|Any CPU.Build.0 = Release|Any CPU
	EndGlobalSection
	GlobalSection(SolutionProperties) = preSolution
		HideSolutionNode = FALSE
	EndGlobalSection
	GlobalSection(ExtensibilityGlobals) = postSolution
		SolutionGuid = {8A5AA975-7DD2-43AE-8786-A7EB6767FEB8}
	EndGlobalSection
EndGlobal
