
Microsoft Visual Studio Solution File, Format Version 12.00
# Visual Studio Version 17
VisualStudioVersion = 17.7.34024.191
MinimumVisualStudioVersion = 10.0.40219.1
Project("{FAE04EC0-301F-11D3-BF4B-00C04F79EFBC}") = "nadajPrzesylke", "nadajPrzesylke\nadajPrzesylke.csproj", "{C21BBEAD-7DA8-4A7A-AC12-0CAFA54C5505}"
EndProject
Global
	GlobalSection(SolutionConfigurationPlatforms) = preSolution
		Debug|Any CPU = Debug|Any CPU
		Release|Any CPU = Release|Any CPU
	EndGlobalSection
	GlobalSection(ProjectConfigurationPlatforms) = postSolution
		{C21BBEAD-7DA8-4A7A-AC12-0CAFA54C5505}.Debug|Any CPU.ActiveCfg = Debug|Any CPU
		{C21BBEAD-7DA8-4A7A-AC12-0CAFA54C5505}.Debug|Any CPU.Build.0 = Debug|Any CPU
		{C21BBEAD-7DA8-4A7A-AC12-0CAFA54C5505}.Release|Any CPU.ActiveCfg = Release|Any CPU
		{C21BBEAD-7DA8-4A7A-AC12-0CAFA54C5505}.Release|Any CPU.Build.0 = Release|Any CPU
	EndGlobalSection
	GlobalSection(SolutionProperties) = preSolution
		HideSolutionNode = FALSE
	EndGlobalSection
	GlobalSection(ExtensibilityGlobals) = postSolution
		SolutionGuid = {55F1D523-B094-4F75-95E7-07311EAFD02F}
	EndGlobalSection
EndGlobal
