
Microsoft Visual Studio Solution File, Format Version 12.00
# Visual Studio Version 17
VisualStudioVersion = 17.7.34024.191
MinimumVisualStudioVersion = 10.0.40219.1
Project("{FAE04EC0-301F-11D3-BF4B-00C04F79EFBC}") = "liczbaArmstronga", "liczbaArmstronga\liczbaArmstronga.csproj", "{062BD36C-90BF-4E5D-9B9A-45722EEFA8C7}"
EndProject
Global
	GlobalSection(SolutionConfigurationPlatforms) = preSolution
		Debug|Any CPU = Debug|Any CPU
		Release|Any CPU = Release|Any CPU
	EndGlobalSection
	GlobalSection(ProjectConfigurationPlatforms) = postSolution
		{062BD36C-90BF-4E5D-9B9A-45722EEFA8C7}.Debug|Any CPU.ActiveCfg = Debug|Any CPU
		{062BD36C-90BF-4E5D-9B9A-45722EEFA8C7}.Debug|Any CPU.Build.0 = Debug|Any CPU
		{062BD36C-90BF-4E5D-9B9A-45722EEFA8C7}.Release|Any CPU.ActiveCfg = Release|Any CPU
		{062BD36C-90BF-4E5D-9B9A-45722EEFA8C7}.Release|Any CPU.Build.0 = Release|Any CPU
	EndGlobalSection
	GlobalSection(SolutionProperties) = preSolution
		HideSolutionNode = FALSE
	EndGlobalSection
	GlobalSection(ExtensibilityGlobals) = postSolution
		SolutionGuid = {ADC93DED-BB08-4950-B6E1-AD24B6CF2E3D}
	EndGlobalSection
EndGlobal
