
Microsoft Visual Studio Solution File, Format Version 12.00
# Visual Studio Version 17
VisualStudioVersion = 17.7.34024.191
MinimumVisualStudioVersion = 10.0.40219.1
Project("{FAE04EC0-301F-11D3-BF4B-00C04F79EFBC}") = "zadanie1oraz2", "zadanie1oraz2\zadanie1oraz2.csproj", "{C67A23A7-50DB-4EED-8932-88C52FD4A41F}"
EndProject
Global
	GlobalSection(SolutionConfigurationPlatforms) = preSolution
		Debug|Any CPU = Debug|Any CPU
		Release|Any CPU = Release|Any CPU
	EndGlobalSection
	GlobalSection(ProjectConfigurationPlatforms) = postSolution
		{C67A23A7-50DB-4EED-8932-88C52FD4A41F}.Debug|Any CPU.ActiveCfg = Debug|Any CPU
		{C67A23A7-50DB-4EED-8932-88C52FD4A41F}.Debug|Any CPU.Build.0 = Debug|Any CPU
		{C67A23A7-50DB-4EED-8932-88C52FD4A41F}.Release|Any CPU.ActiveCfg = Release|Any CPU
		{C67A23A7-50DB-4EED-8932-88C52FD4A41F}.Release|Any CPU.Build.0 = Release|Any CPU
	EndGlobalSection
	GlobalSection(SolutionProperties) = preSolution
		HideSolutionNode = FALSE
	EndGlobalSection
	GlobalSection(ExtensibilityGlobals) = postSolution
		SolutionGuid = {CC3250D0-5883-48CD-B869-983030693E30}
	EndGlobalSection
EndGlobal
