
Microsoft Visual Studio Solution File, Format Version 12.00
# Visual Studio Version 17
VisualStudioVersion = 17.6.33801.468
MinimumVisualStudioVersion = 10.0.40219.1
Project("{FAE04EC0-301F-11D3-BF4B-00C04F79EFBC}") = "palindromAnagram", "palindromAnagram\palindromAnagram.csproj", "{1AB66ECF-ED0B-4DF8-A569-5CF885C0CFAB}"
EndProject
Global
	GlobalSection(SolutionConfigurationPlatforms) = preSolution
		Debug|Any CPU = Debug|Any CPU
		Release|Any CPU = Release|Any CPU
	EndGlobalSection
	GlobalSection(ProjectConfigurationPlatforms) = postSolution
		{1AB66ECF-ED0B-4DF8-A569-5CF885C0CFAB}.Debug|Any CPU.ActiveCfg = Debug|Any CPU
		{1AB66ECF-ED0B-4DF8-A569-5CF885C0CFAB}.Debug|Any CPU.Build.0 = Debug|Any CPU
		{1AB66ECF-ED0B-4DF8-A569-5CF885C0CFAB}.Release|Any CPU.ActiveCfg = Release|Any CPU
		{1AB66ECF-ED0B-4DF8-A569-5CF885C0CFAB}.Release|Any CPU.Build.0 = Release|Any CPU
	EndGlobalSection
	GlobalSection(SolutionProperties) = preSolution
		HideSolutionNode = FALSE
	EndGlobalSection
	GlobalSection(ExtensibilityGlobals) = postSolution
		SolutionGuid = {CDAF4727-F20F-4C08-A5F0-C53B0AD48BA6}
	EndGlobalSection
EndGlobal
