
Microsoft Visual Studio Solution File, Format Version 12.00
# Visual Studio Version 17
VisualStudioVersion = 17.7.34024.191
MinimumVisualStudioVersion = 10.0.40219.1
Project("{FAE04EC0-301F-11D3-BF4B-00C04F79EFBC}") = "ciagArytm", "ciagArytm\ciagArytm.csproj", "{45D69EED-230E-49CA-B968-203B1AF00D66}"
EndProject
Global
	GlobalSection(SolutionConfigurationPlatforms) = preSolution
		Debug|Any CPU = Debug|Any CPU
		Release|Any CPU = Release|Any CPU
	EndGlobalSection
	GlobalSection(ProjectConfigurationPlatforms) = postSolution
		{45D69EED-230E-49CA-B968-203B1AF00D66}.Debug|Any CPU.ActiveCfg = Debug|Any CPU
		{45D69EED-230E-49CA-B968-203B1AF00D66}.Debug|Any CPU.Build.0 = Debug|Any CPU
		{45D69EED-230E-49CA-B968-203B1AF00D66}.Release|Any CPU.ActiveCfg = Release|Any CPU
		{45D69EED-230E-49CA-B968-203B1AF00D66}.Release|Any CPU.Build.0 = Release|Any CPU
	EndGlobalSection
	GlobalSection(SolutionProperties) = preSolution
		HideSolutionNode = FALSE
	EndGlobalSection
	GlobalSection(ExtensibilityGlobals) = postSolution
		SolutionGuid = {B0DC746F-AD6F-4101-9FD0-3722D17AE60A}
	EndGlobalSection
EndGlobal
