
Microsoft Visual Studio Solution File, Format Version 12.00
# Visual Studio Version 17
VisualStudioVersion = 17.3.32901.215
MinimumVisualStudioVersion = 10.0.40219.1
Project("{FAE04EC0-301F-11D3-BF4B-00C04F79EFBC}") = "projektGPR", "projektGPR\projektGPR.csproj", "{40DC7BE0-BAAC-4C61-83C6-EF578039057B}"
EndProject
Global
	GlobalSection(SolutionConfigurationPlatforms) = preSolution
		Debug|Any CPU = Debug|Any CPU
		Release|Any CPU = Release|Any CPU
	EndGlobalSection
	GlobalSection(ProjectConfigurationPlatforms) = postSolution
		{40DC7BE0-BAAC-4C61-83C6-EF578039057B}.Debug|Any CPU.ActiveCfg = Debug|Any CPU
		{40DC7BE0-BAAC-4C61-83C6-EF578039057B}.Debug|Any CPU.Build.0 = Debug|Any CPU
		{40DC7BE0-BAAC-4C61-83C6-EF578039057B}.Release|Any CPU.ActiveCfg = Release|Any CPU
		{40DC7BE0-BAAC-4C61-83C6-EF578039057B}.Release|Any CPU.Build.0 = Release|Any CPU
	EndGlobalSection
	GlobalSection(SolutionProperties) = preSolution
		HideSolutionNode = FALSE
	EndGlobalSection
	GlobalSection(ExtensibilityGlobals) = postSolution
		SolutionGuid = {AF05BA6B-A03A-4D98-ADCC-043E879C1E2C}
	EndGlobalSection
EndGlobal
