
Microsoft Visual Studio Solution File, Format Version 12.00
# Visual Studio Version 17
VisualStudioVersion = 17.2.32616.157
MinimumVisualStudioVersion = 10.0.40219.1
Project("{FAE04EC0-301F-11D3-BF4B-00C04F79EFBC}") = "decIntoBin", "decIntoBin\decIntoBin.csproj", "{851BF743-3BAF-4072-9D7C-ADC0C19EF2F7}"
EndProject
Global
	GlobalSection(SolutionConfigurationPlatforms) = preSolution
		Debug|Any CPU = Debug|Any CPU
		Release|Any CPU = Release|Any CPU
	EndGlobalSection
	GlobalSection(ProjectConfigurationPlatforms) = postSolution
		{851BF743-3BAF-4072-9D7C-ADC0C19EF2F7}.Debug|Any CPU.ActiveCfg = Debug|Any CPU
		{851BF743-3BAF-4072-9D7C-ADC0C19EF2F7}.Debug|Any CPU.Build.0 = Debug|Any CPU
		{851BF743-3BAF-4072-9D7C-ADC0C19EF2F7}.Release|Any CPU.ActiveCfg = Release|Any CPU
		{851BF743-3BAF-4072-9D7C-ADC0C19EF2F7}.Release|Any CPU.Build.0 = Release|Any CPU
	EndGlobalSection
	GlobalSection(SolutionProperties) = preSolution
		HideSolutionNode = FALSE
	EndGlobalSection
	GlobalSection(ExtensibilityGlobals) = postSolution
		SolutionGuid = {D40823E1-6BEC-489D-9775-EDB7FD92C573}
	EndGlobalSection
EndGlobal
