
Microsoft Visual Studio Solution File, Format Version 12.00
# Visual Studio Version 17
VisualStudioVersion = 17.2.32526.322
MinimumVisualStudioVersion = 10.0.40219.1
Project("{FAE04EC0-301F-11D3-BF4B-00C04F79EFBC}") = "kabrioletDziedziczenie", "kabrioletDziedziczenie\kabrioletDziedziczenie.csproj", "{CC8F96D9-EB1A-4E57-BDD8-1BEBF4A7D29A}"
EndProject
Global
	GlobalSection(SolutionConfigurationPlatforms) = preSolution
		Debug|Any CPU = Debug|Any CPU
		Release|Any CPU = Release|Any CPU
	EndGlobalSection
	GlobalSection(ProjectConfigurationPlatforms) = postSolution
		{CC8F96D9-EB1A-4E57-BDD8-1BEBF4A7D29A}.Debug|Any CPU.ActiveCfg = Debug|Any CPU
		{CC8F96D9-EB1A-4E57-BDD8-1BEBF4A7D29A}.Debug|Any CPU.Build.0 = Debug|Any CPU
		{CC8F96D9-EB1A-4E57-BDD8-1BEBF4A7D29A}.Release|Any CPU.ActiveCfg = Release|Any CPU
		{CC8F96D9-EB1A-4E57-BDD8-1BEBF4A7D29A}.Release|Any CPU.Build.0 = Release|Any CPU
	EndGlobalSection
	GlobalSection(SolutionProperties) = preSolution
		HideSolutionNode = FALSE
	EndGlobalSection
	GlobalSection(ExtensibilityGlobals) = postSolution
		SolutionGuid = {0DD36FC9-3C53-404E-A900-07DF37F789C0}
	EndGlobalSection
EndGlobal
