
Microsoft Visual Studio Solution File, Format Version 12.00
# Visual Studio Version 17
VisualStudioVersion = 17.5.33516.290
MinimumVisualStudioVersion = 10.0.40219.1
Project("{FAE04EC0-301F-11D3-BF4B-00C04F79EFBC}") = "mobilna.Android", "mobilna\mobilna.Android\mobilna.Android.csproj", "{509C122F-4088-489B-B3F9-E09F21E7FC7C}"
EndProject
Project("{FAE04EC0-301F-11D3-BF4B-00C04F79EFBC}") = "mobilna.iOS", "mobilna\mobilna.iOS\mobilna.iOS.csproj", "{D9B817F4-4924-49E9-BE60-AD05AB00CC0A}"
EndProject
Project("{FAE04EC0-301F-11D3-BF4B-00C04F79EFBC}") = "mobilna", "mobilna\mobilna\mobilna.csproj", "{6B1669F8-FA11-4FD5-9DA8-ACB634C6042A}"
EndProject
Global
	GlobalSection(SolutionConfigurationPlatforms) = preSolution
		Debug|Any CPU = Debug|Any CPU
		Debug|iPhone = Debug|iPhone
		Debug|iPhoneSimulator = Debug|iPhoneSimulator
		Release|Any CPU = Release|Any CPU
		Release|iPhone = Release|iPhone
		Release|iPhoneSimulator = Release|iPhoneSimulator
	EndGlobalSection
	GlobalSection(ProjectConfigurationPlatforms) = postSolution
		{509C122F-4088-489B-B3F9-E09F21E7FC7C}.Debug|Any CPU.ActiveCfg = Debug|Any CPU
		{509C122F-4088-489B-B3F9-E09F21E7FC7C}.Debug|Any CPU.Build.0 = Debug|Any CPU
		{509C122F-4088-489B-B3F9-E09F21E7FC7C}.Debug|Any CPU.Deploy.0 = Debug|Any CPU
		{509C122F-4088-489B-B3F9-E09F21E7FC7C}.Debug|iPhone.ActiveCfg = Debug|Any CPU
		{509C122F-4088-489B-B3F9-E09F21E7FC7C}.Debug|iPhone.Build.0 = Debug|Any CPU
		{509C122F-4088-489B-B3F9-E09F21E7FC7C}.Debug|iPhone.Deploy.0 = Debug|Any CPU
		{509C122F-4088-489B-B3F9-E09F21E7FC7C}.Debug|iPhoneSimulator.ActiveCfg = Debug|Any CPU
		{509C122F-4088-489B-B3F9-E09F21E7FC7C}.Debug|iPhoneSimulator.Build.0 = Debug|Any CPU
		{509C122F-4088-489B-B3F9-E09F21E7FC7C}.Debug|iPhoneSimulator.Deploy.0 = Debug|Any CPU
		{509C122F-4088-489B-B3F9-E09F21E7FC7C}.Release|Any CPU.ActiveCfg = Release|Any CPU
		{509C122F-4088-489B-B3F9-E09F21E7FC7C}.Release|Any CPU.Build.0 = Release|Any CPU
		{509C122F-4088-489B-B3F9-E09F21E7FC7C}.Release|Any CPU.Deploy.0 = Release|Any CPU
		{509C122F-4088-489B-B3F9-E09F21E7FC7C}.Release|iPhone.ActiveCfg = Release|Any CPU
		{509C122F-4088-489B-B3F9-E09F21E7FC7C}.Release|iPhone.Build.0 = Release|Any CPU
		{509C122F-4088-489B-B3F9-E09F21E7FC7C}.Release|iPhone.Deploy.0 = Release|Any CPU
		{509C122F-4088-489B-B3F9-E09F21E7FC7C}.Release|iPhoneSimulator.ActiveCfg = Release|Any CPU
		{509C122F-4088-489B-B3F9-E09F21E7FC7C}.Release|iPhoneSimulator.Build.0 = Release|Any CPU
		{509C122F-4088-489B-B3F9-E09F21E7FC7C}.Release|iPhoneSimulator.Deploy.0 = Release|Any CPU
		{D9B817F4-4924-49E9-BE60-AD05AB00CC0A}.Debug|Any CPU.ActiveCfg = Debug|iPhone
		{D9B817F4-4924-49E9-BE60-AD05AB00CC0A}.Debug|Any CPU.Build.0 = Debug|iPhone
		{D9B817F4-4924-49E9-BE60-AD05AB00CC0A}.Debug|Any CPU.Deploy.0 = Debug|iPhone
		{D9B817F4-4924-49E9-BE60-AD05AB00CC0A}.Debug|iPhone.ActiveCfg = Debug|iPhone
		{D9B817F4-4924-49E9-BE60-AD05AB00CC0A}.Debug|iPhone.Build.0 = Debug|iPhone
		{D9B817F4-4924-49E9-BE60-AD05AB00CC0A}.Debug|iPhone.Deploy.0 = Debug|iPhone
		{D9B817F4-4924-49E9-BE60-AD05AB00CC0A}.Debug|iPhoneSimulator.ActiveCfg = Debug|iPhoneSimulator
		{D9B817F4-4924-49E9-BE60-AD05AB00CC0A}.Debug|iPhoneSimulator.Build.0 = Debug|iPhoneSimulator
		{D9B817F4-4924-49E9-BE60-AD05AB00CC0A}.Debug|iPhoneSimulator.Deploy.0 = Debug|iPhoneSimulator
		{D9B817F4-4924-49E9-BE60-AD05AB00CC0A}.Release|Any CPU.ActiveCfg = Release|iPhoneSimulator
		{D9B817F4-4924-49E9-BE60-AD05AB00CC0A}.Release|Any CPU.Build.0 = Release|iPhoneSimulator
		{D9B817F4-4924-49E9-BE60-AD05AB00CC0A}.Release|Any CPU.Deploy.0 = Release|iPhoneSimulator
		{D9B817F4-4924-49E9-BE60-AD05AB00CC0A}.Release|iPhone.ActiveCfg = Release|iPhone
		{D9B817F4-4924-49E9-BE60-AD05AB00CC0A}.Release|iPhone.Build.0 = Release|iPhone
		{D9B817F4-4924-49E9-BE60-AD05AB00CC0A}.Release|iPhone.Deploy.0 = Release|iPhone
		{D9B817F4-4924-49E9-BE60-AD05AB00CC0A}.Release|iPhoneSimulator.ActiveCfg = Release|iPhoneSimulator
		{D9B817F4-4924-49E9-BE60-AD05AB00CC0A}.Release|iPhoneSimulator.Build.0 = Release|iPhoneSimulator
		{D9B817F4-4924-49E9-BE60-AD05AB00CC0A}.Release|iPhoneSimulator.Deploy.0 = Release|iPhoneSimulator
		{6B1669F8-FA11-4FD5-9DA8-ACB634C6042A}.Debug|Any CPU.ActiveCfg = Debug|Any CPU
		{6B1669F8-FA11-4FD5-9DA8-ACB634C6042A}.Debug|Any CPU.Build.0 = Debug|Any CPU
		{6B1669F8-FA11-4FD5-9DA8-ACB634C6042A}.Debug|Any CPU.Deploy.0 = Debug|Any CPU
		{6B1669F8-FA11-4FD5-9DA8-ACB634C6042A}.Debug|iPhone.ActiveCfg = Debug|Any CPU
		{6B1669F8-FA11-4FD5-9DA8-ACB634C6042A}.Debug|iPhone.Build.0 = Debug|Any CPU
		{6B1669F8-FA11-4FD5-9DA8-ACB634C6042A}.Debug|iPhone.Deploy.0 = Debug|Any CPU
		{6B1669F8-FA11-4FD5-9DA8-ACB634C6042A}.Debug|iPhoneSimulator.ActiveCfg = Debug|Any CPU
		{6B1669F8-FA11-4FD5-9DA8-ACB634C6042A}.Debug|iPhoneSimulator.Build.0 = Debug|Any CPU
		{6B1669F8-FA11-4FD5-9DA8-ACB634C6042A}.Debug|iPhoneSimulator.Deploy.0 = Debug|Any CPU
		{6B1669F8-FA11-4FD5-9DA8-ACB634C6042A}.Release|Any CPU.ActiveCfg = Release|Any CPU
		{6B1669F8-FA11-4FD5-9DA8-ACB634C6042A}.Release|Any CPU.Build.0 = Release|Any CPU
		{6B1669F8-FA11-4FD5-9DA8-ACB634C6042A}.Release|Any CPU.Deploy.0 = Release|Any CPU
		{6B1669F8-FA11-4FD5-9DA8-ACB634C6042A}.Release|iPhone.ActiveCfg = Release|Any CPU
		{6B1669F8-FA11-4FD5-9DA8-ACB634C6042A}.Release|iPhone.Build.0 = Release|Any CPU
		{6B1669F8-FA11-4FD5-9DA8-ACB634C6042A}.Release|iPhone.Deploy.0 = Release|Any CPU
		{6B1669F8-FA11-4FD5-9DA8-ACB634C6042A}.Release|iPhoneSimulator.ActiveCfg = Release|Any CPU
		{6B1669F8-FA11-4FD5-9DA8-ACB634C6042A}.Release|iPhoneSimulator.Build.0 = Release|Any CPU
		{6B1669F8-FA11-4FD5-9DA8-ACB634C6042A}.Release|iPhoneSimulator.Deploy.0 = Release|Any CPU
	EndGlobalSection
	GlobalSection(SolutionProperties) = preSolution
		HideSolutionNode = FALSE
	EndGlobalSection
	GlobalSection(ExtensibilityGlobals) = postSolution
		SolutionGuid = {FFF5855A-1869-4817-A629-B8FC7FF727E4}
	EndGlobalSection
EndGlobal
