
Microsoft Visual Studio Solution File, Format Version 12.00
# Visual Studio Version 17
VisualStudioVersion = 17.2.32526.322
MinimumVisualStudioVersion = 10.0.40219.1
Project("{FAE04EC0-301F-11D3-BF4B-00C04F79EFBC}") = "rockPaperScissors", "rockPaperScissors\rockPaperScissors.csproj", "{EBB8C256-0E41-429D-9DCC-90686B9EE53C}"
EndProject
Global
	GlobalSection(SolutionConfigurationPlatforms) = preSolution
		Debug|Any CPU = Debug|Any CPU
		Release|Any CPU = Release|Any CPU
	EndGlobalSection
	GlobalSection(ProjectConfigurationPlatforms) = postSolution
		{EBB8C256-0E41-429D-9DCC-90686B9EE53C}.Debug|Any CPU.ActiveCfg = Debug|Any CPU
		{EBB8C256-0E41-429D-9DCC-90686B9EE53C}.Debug|Any CPU.Build.0 = Debug|Any CPU
		{EBB8C256-0E41-429D-9DCC-90686B9EE53C}.Release|Any CPU.ActiveCfg = Release|Any CPU
		{EBB8C256-0E41-429D-9DCC-90686B9EE53C}.Release|Any CPU.Build.0 = Release|Any CPU
	EndGlobalSection
	GlobalSection(SolutionProperties) = preSolution
		HideSolutionNode = FALSE
	EndGlobalSection
	GlobalSection(ExtensibilityGlobals) = postSolution
		SolutionGuid = {C1059AB2-5690-46FD-99E8-A4BDD9F9942F}
	EndGlobalSection
EndGlobal
