
Microsoft Visual Studio Solution File, Format Version 12.00
# Visual Studio Version 17
VisualStudioVersion = 17.7.34024.191
MinimumVisualStudioVersion = 10.0.40219.1
Project("{FAE04EC0-301F-11D3-BF4B-00C04F79EFBC}") = "ocenyUcznia", "ocenyUcznia\ocenyUcznia.csproj", "{269AA693-79F4-4C3D-839A-64E3EA13FC58}"
EndProject
Global
	GlobalSection(SolutionConfigurationPlatforms) = preSolution
		Debug|Any CPU = Debug|Any CPU
		Release|Any CPU = Release|Any CPU
	EndGlobalSection
	GlobalSection(ProjectConfigurationPlatforms) = postSolution
		{269AA693-79F4-4C3D-839A-64E3EA13FC58}.Debug|Any CPU.ActiveCfg = Debug|Any CPU
		{269AA693-79F4-4C3D-839A-64E3EA13FC58}.Debug|Any CPU.Build.0 = Debug|Any CPU
		{269AA693-79F4-4C3D-839A-64E3EA13FC58}.Release|Any CPU.ActiveCfg = Release|Any CPU
		{269AA693-79F4-4C3D-839A-64E3EA13FC58}.Release|Any CPU.Build.0 = Release|Any CPU
	EndGlobalSection
	GlobalSection(SolutionProperties) = preSolution
		HideSolutionNode = FALSE
	EndGlobalSection
	GlobalSection(ExtensibilityGlobals) = postSolution
		SolutionGuid = {8B7AAA4A-B6B6-4E29-96EA-EE9EECEE43A2}
	EndGlobalSection
EndGlobal
