
Microsoft Visual Studio Solution File, Format Version 12.00
# Visual Studio Version 17
VisualStudioVersion = 17.2.32526.322
MinimumVisualStudioVersion = 10.0.40219.1
Project("{FAE04EC0-301F-11D3-BF4B-00C04F79EFBC}") = "ciagLiczb", "ciagLiczb\ciagLiczb.csproj", "{A05CD989-A227-4DF5-9C20-5EB2969177C9}"
EndProject
Global
	GlobalSection(SolutionConfigurationPlatforms) = preSolution
		Debug|Any CPU = Debug|Any CPU
		Release|Any CPU = Release|Any CPU
	EndGlobalSection
	GlobalSection(ProjectConfigurationPlatforms) = postSolution
		{A05CD989-A227-4DF5-9C20-5EB2969177C9}.Debug|Any CPU.ActiveCfg = Debug|Any CPU
		{A05CD989-A227-4DF5-9C20-5EB2969177C9}.Debug|Any CPU.Build.0 = Debug|Any CPU
		{A05CD989-A227-4DF5-9C20-5EB2969177C9}.Release|Any CPU.ActiveCfg = Release|Any CPU
		{A05CD989-A227-4DF5-9C20-5EB2969177C9}.Release|Any CPU.Build.0 = Release|Any CPU
	EndGlobalSection
	GlobalSection(SolutionProperties) = preSolution
		HideSolutionNode = FALSE
	EndGlobalSection
	GlobalSection(ExtensibilityGlobals) = postSolution
		SolutionGuid = {7B6C6D89-B19E-4345-BD50-6E3690758E89}
	EndGlobalSection
EndGlobal
