
Microsoft Visual Studio Solution File, Format Version 12.00
# Visual Studio Version 17
VisualStudioVersion = 17.2.32526.322
MinimumVisualStudioVersion = 10.0.40219.1
Project("{FAE04EC0-301F-11D3-BF4B-00C04F79EFBC}") = "Flyout.Android", "Flyout\Flyout.Android\Flyout.Android.csproj", "{52CD21CC-6AA7-469A-A665-E2259EA7B980}"
EndProject
Project("{FAE04EC0-301F-11D3-BF4B-00C04F79EFBC}") = "Flyout.iOS", "Flyout\Flyout.iOS\Flyout.iOS.csproj", "{904FAC5C-E30A-4434-88B6-13889DDB6958}"
EndProject
Project("{FAE04EC0-301F-11D3-BF4B-00C04F79EFBC}") = "Flyout", "Flyout\Flyout\Flyout.csproj", "{C919F9C3-4A1D-405C-A537-D96185867F5B}"
EndProject
Global
	GlobalSection(SolutionConfigurationPlatforms) = preSolution
		Debug|Any CPU = Debug|Any CPU
		Debug|iPhone = Debug|iPhone
		Debug|iPhoneSimulator = Debug|iPhoneSimulator
		Release|Any CPU = Release|Any CPU
		Release|iPhone = Release|iPhone
		Release|iPhoneSimulator = Release|iPhoneSimulator
	EndGlobalSection
	GlobalSection(ProjectConfigurationPlatforms) = postSolution
		{52CD21CC-6AA7-469A-A665-E2259EA7B980}.Debug|Any CPU.ActiveCfg = Debug|Any CPU
		{52CD21CC-6AA7-469A-A665-E2259EA7B980}.Debug|Any CPU.Build.0 = Debug|Any CPU
		{52CD21CC-6AA7-469A-A665-E2259EA7B980}.Debug|Any CPU.Deploy.0 = Debug|Any CPU
		{52CD21CC-6AA7-469A-A665-E2259EA7B980}.Debug|iPhone.ActiveCfg = Debug|Any CPU
		{52CD21CC-6AA7-469A-A665-E2259EA7B980}.Debug|iPhone.Build.0 = Debug|Any CPU
		{52CD21CC-6AA7-469A-A665-E2259EA7B980}.Debug|iPhone.Deploy.0 = Debug|Any CPU
		{52CD21CC-6AA7-469A-A665-E2259EA7B980}.Debug|iPhoneSimulator.ActiveCfg = Debug|Any CPU
		{52CD21CC-6AA7-469A-A665-E2259EA7B980}.Debug|iPhoneSimulator.Build.0 = Debug|Any CPU
		{52CD21CC-6AA7-469A-A665-E2259EA7B980}.Debug|iPhoneSimulator.Deploy.0 = Debug|Any CPU
		{52CD21CC-6AA7-469A-A665-E2259EA7B980}.Release|Any CPU.ActiveCfg = Release|Any CPU
		{52CD21CC-6AA7-469A-A665-E2259EA7B980}.Release|Any CPU.Build.0 = Release|Any CPU
		{52CD21CC-6AA7-469A-A665-E2259EA7B980}.Release|Any CPU.Deploy.0 = Release|Any CPU
		{52CD21CC-6AA7-469A-A665-E2259EA7B980}.Release|iPhone.ActiveCfg = Release|Any CPU
		{52CD21CC-6AA7-469A-A665-E2259EA7B980}.Release|iPhone.Build.0 = Release|Any CPU
		{52CD21CC-6AA7-469A-A665-E2259EA7B980}.Release|iPhone.Deploy.0 = Release|Any CPU
		{52CD21CC-6AA7-469A-A665-E2259EA7B980}.Release|iPhoneSimulator.ActiveCfg = Release|Any CPU
		{52CD21CC-6AA7-469A-A665-E2259EA7B980}.Release|iPhoneSimulator.Build.0 = Release|Any CPU
		{52CD21CC-6AA7-469A-A665-E2259EA7B980}.Release|iPhoneSimulator.Deploy.0 = Release|Any CPU
		{904FAC5C-E30A-4434-88B6-13889DDB6958}.Debug|Any CPU.ActiveCfg = Debug|iPhone
		{904FAC5C-E30A-4434-88B6-13889DDB6958}.Debug|Any CPU.Build.0 = Debug|iPhone
		{904FAC5C-E30A-4434-88B6-13889DDB6958}.Debug|Any CPU.Deploy.0 = Debug|iPhone
		{904FAC5C-E30A-4434-88B6-13889DDB6958}.Debug|iPhone.ActiveCfg = Debug|iPhone
		{904FAC5C-E30A-4434-88B6-13889DDB6958}.Debug|iPhone.Build.0 = Debug|iPhone
		{904FAC5C-E30A-4434-88B6-13889DDB6958}.Debug|iPhone.Deploy.0 = Debug|iPhone
		{904FAC5C-E30A-4434-88B6-13889DDB6958}.Debug|iPhoneSimulator.ActiveCfg = Debug|iPhoneSimulator
		{904FAC5C-E30A-4434-88B6-13889DDB6958}.Debug|iPhoneSimulator.Build.0 = Debug|iPhoneSimulator
		{904FAC5C-E30A-4434-88B6-13889DDB6958}.Debug|iPhoneSimulator.Deploy.0 = Debug|iPhoneSimulator
		{904FAC5C-E30A-4434-88B6-13889DDB6958}.Release|Any CPU.ActiveCfg = Release|iPhoneSimulator
		{904FAC5C-E30A-4434-88B6-13889DDB6958}.Release|Any CPU.Build.0 = Release|iPhoneSimulator
		{904FAC5C-E30A-4434-88B6-13889DDB6958}.Release|Any CPU.Deploy.0 = Release|iPhoneSimulator
		{904FAC5C-E30A-4434-88B6-13889DDB6958}.Release|iPhone.ActiveCfg = Release|iPhone
		{904FAC5C-E30A-4434-88B6-13889DDB6958}.Release|iPhone.Build.0 = Release|iPhone
		{904FAC5C-E30A-4434-88B6-13889DDB6958}.Release|iPhone.Deploy.0 = Release|iPhone
		{904FAC5C-E30A-4434-88B6-13889DDB6958}.Release|iPhoneSimulator.ActiveCfg = Release|iPhoneSimulator
		{904FAC5C-E30A-4434-88B6-13889DDB6958}.Release|iPhoneSimulator.Build.0 = Release|iPhoneSimulator
		{904FAC5C-E30A-4434-88B6-13889DDB6958}.Release|iPhoneSimulator.Deploy.0 = Release|iPhoneSimulator
		{C919F9C3-4A1D-405C-A537-D96185867F5B}.Debug|Any CPU.ActiveCfg = Debug|Any CPU
		{C919F9C3-4A1D-405C-A537-D96185867F5B}.Debug|Any CPU.Build.0 = Debug|Any CPU
		{C919F9C3-4A1D-405C-A537-D96185867F5B}.Debug|Any CPU.Deploy.0 = Debug|Any CPU
		{C919F9C3-4A1D-405C-A537-D96185867F5B}.Debug|iPhone.ActiveCfg = Debug|Any CPU
		{C919F9C3-4A1D-405C-A537-D96185867F5B}.Debug|iPhone.Build.0 = Debug|Any CPU
		{C919F9C3-4A1D-405C-A537-D96185867F5B}.Debug|iPhone.Deploy.0 = Debug|Any CPU
		{C919F9C3-4A1D-405C-A537-D96185867F5B}.Debug|iPhoneSimulator.ActiveCfg = Debug|Any CPU
		{C919F9C3-4A1D-405C-A537-D96185867F5B}.Debug|iPhoneSimulator.Build.0 = Debug|Any CPU
		{C919F9C3-4A1D-405C-A537-D96185867F5B}.Debug|iPhoneSimulator.Deploy.0 = Debug|Any CPU
		{C919F9C3-4A1D-405C-A537-D96185867F5B}.Release|Any CPU.ActiveCfg = Release|Any CPU
		{C919F9C3-4A1D-405C-A537-D96185867F5B}.Release|Any CPU.Build.0 = Release|Any CPU
		{C919F9C3-4A1D-405C-A537-D96185867F5B}.Release|Any CPU.Deploy.0 = Release|Any CPU
		{C919F9C3-4A1D-405C-A537-D96185867F5B}.Release|iPhone.ActiveCfg = Release|Any CPU
		{C919F9C3-4A1D-405C-A537-D96185867F5B}.Release|iPhone.Build.0 = Release|Any CPU
		{C919F9C3-4A1D-405C-A537-D96185867F5B}.Release|iPhone.Deploy.0 = Release|Any CPU
		{C919F9C3-4A1D-405C-A537-D96185867F5B}.Release|iPhoneSimulator.ActiveCfg = Release|Any CPU
		{C919F9C3-4A1D-405C-A537-D96185867F5B}.Release|iPhoneSimulator.Build.0 = Release|Any CPU
		{C919F9C3-4A1D-405C-A537-D96185867F5B}.Release|iPhoneSimulator.Deploy.0 = Release|Any CPU
	EndGlobalSection
	GlobalSection(SolutionProperties) = preSolution
		HideSolutionNode = FALSE
	EndGlobalSection
	GlobalSection(ExtensibilityGlobals) = postSolution
		SolutionGuid = {C7C3B046-427B-4A5A-AE15-D3EB4CE8DE12}
	EndGlobalSection
EndGlobal
